// !$*UTF8*$!
{
	archiveVersion = 1;
	classes = {
	};
	objectVersion = 46;
	objects = {

/* Begin PBXBuildFile section */
		2154E7231A139D4100757CE3 /* main.m in Sources */ = {isa = PBXBuildFile; fileRef = 2154E7221A139D4100757CE3 /* main.m */; };
		2154E7261A139D4100757CE3 /* AppDelegate.m in Sources */ = {isa = PBXBuildFile; fileRef = 2154E7251A139D4100757CE3 /* AppDelegate.m */; };
		2154E7291A139D4100757CE3 /* ViewController.m in Sources */ = {isa = PBXBuildFile; fileRef = 2154E7281A139D4100757CE3 /* ViewController.m */; };
		2154E72C1A139D4100757CE3 /* Main.storyboard in Resources */ = {isa = PBXBuildFile; fileRef = 2154E72A1A139D4100757CE3 /* Main.storyboard */; };
		2154E72E1A139D4100757CE3 /* Images.xcassets in Resources */ = {isa = PBXBuildFile; fileRef = 2154E72D1A139D4100757CE3 /* Images.xcassets */; };
		2154E7311A139D4100757CE3 /* LaunchScreen.xib in Resources */ = {isa = PBXBuildFile; fileRef = 2154E72F1A139D4100757CE3 /* LaunchScreen.xib */; };
		2154E73D1A139D4100757CE3 /* testTests.m in Sources */ = {isa = PBXBuildFile; fileRef = 2154E73C1A139D4100757CE3 /* testTests.m */; };
/* End PBXBuildFile section */

/* Begin PBXContainerItemProxy section */
		2154E7371A139D4100757CE3 /* PBXContainerItemProxy */ = {
			isa = PBXContainerItemProxy;
			containerPortal = 2154E7151A139D4100757CE3 /* Project object */;
			proxyType = 1;
			remoteGlobalIDString = 2154E71C1A139D4100757CE3;
			remoteInfo = test;
		};
/* End PBXContainerItemProxy section */

/* Begin PBXFileReference section */
		2154E71D1A139D4100757CE3 /* test.app */ = {isa = PBXFileReference; explicitFileType = wrapper.application; includeInIndex = 0; path = test.app; sourceTree = BUILT_PRODUCTS_DIR; };
		2154E7211A139D4100757CE3 /* Info.plist */ = {isa = PBXFileReference; lastKnownFileType = text.plist.xml; path = Info.plist; sourceTree = "<group>"; };
		2154E7221A139D4100757CE3 /* main.m */ = {isa = PBXFileReference; lastKnownFileType = sourcecode.c.objc; path = main.m; sourceTree = "<group>"; };
		2154E7241A139D4100757CE3 /* AppDelegate.h */ = {isa = PBXFileReference; lastKnownFileType = sourcecode.c.h; path = AppDelegate.h; sourceTree = "<group>"; };
		2154E7251A139D4100757CE3 /* AppDelegate.m */ = {isa = PBXFileReference; lastKnownFileType = sourcecode.c.objc; path = AppDelegate.m; sourceTree = "<group>"; };
		2154E7271A139D4100757CE3 /* ViewController.h */ = {isa = PBXFileReference; lastKnownFileType = sourcecode.c.h; path = ViewController.h; sourceTree = "<group>"; };
		2154E7281A139D4100757CE3 /* ViewController.m */ = {isa = PBXFileReference; lastKnownFileType = sourcecode.c.objc; path = ViewController.m; sourceTree = "<group>"; };
		2154E72B1A139D4100757CE3 /* Base */ = {isa = PBXFileReference; lastKnownFileType = file.storyboard; name = Base; path = Base.lproj/Main.storyboard; sourceTree = "<group>"; };
		2154E72D1A139D4100757CE3 /* Images.xcassets */ = {isa = PBXFileReference; lastKnownFileType = folder.assetcatalog; path = Images.xcassets; sourceTree = "<group>"; };
		2154E7301A139D4100757CE3 /* Base */ = {isa = PBXFileReference; lastKnownFileType = file.xib; name = Base; path = Base.lproj/LaunchScreen.xib; sourceTree = "<group>"; };
		2154E7361A139D4100757CE3 /* testTests.xctest */ = {isa = PBXFileReference; explicitFileType = wrapper.cfbundle; includeInIndex = 0; path = testTests.xctest; sourceTree = BUILT_PRODUCTS_DIR; };
		2154E73B1A139D4100757CE3 /* Info.plist */ = {isa = PBXFileReference; lastKnownFileType = text.plist.xml; path = Info.plist; sourceTree = "<group>"; };
		2154E73C1A139D4100757CE3 /* testTests.m */ = {isa = PBXFileReference; lastKnownFileType = sourcecode.c.objc; path = testTests.m; sourceTree = "<group>"; };
/* End PBXFileReference section */

/* Begin PBXFrameworksBuildPhase section */
		2154E71A1A139D4100757CE3 /* Frameworks */ = {
			isa = PBXFrameworksBuildPhase;
			buildActionMask = 2147483647;
			files = (
			);
			runOnlyForDeploymentPostprocessing = 0;
		};
		2154E7331A139D4100757CE3 /* Frameworks */ = {
			isa = PBXFrameworksBuildPhase;
			buildActionMask = 2147483647;
			files = (
			);
			runOnlyForDeploymentPostprocessing = 0;
		};
/* End PBXFrameworksBuildPhase section */

/* Begin PBXGroup section */
		2154E7141A139D4100757CE3 = {
			isa = PBXGroup;
			children = (
				2154E71F1A139D4100757CE3 /* test */,
				2154E7391A139D4100757CE3 /* testTests */,
				2154E71E1A139D4100757CE3 /* Products */,
			);
			sourceTree = "<group>";
		};
		2154E71E1A139D4100757CE3 /* Products */ = {
			isa = PBXGroup;
			children = (
				2154E71D1A139D4100757CE3 /* test.app */,
				2154E7361A139D4100757CE3 /* testTests.xctest */,
			);
			name = Products;
			sourceTree = "<group>";
		};
		2154E71F1A139D4100757CE3 /* test */ = {
			isa = PBXGroup;
			children = (
				2154E7241A139D4100757CE3 /* AppDelegate.h */,
				2154E7251A139D4100757CE3 /* AppDelegate.m */,
				2154E7271A139D4100757CE3 /* ViewController.h */,
				2154E7281A139D4100757CE3 /* ViewController.m */,
				2154E72A1A139D4100757CE3 /* Main.storyboard */,
				2154E72D1A139D4100757CE3 /* Images.xcassets */,
				2154E72F1A139D4100757CE3 /* LaunchScreen.xib */,
				2154E7201A139D4100757CE3 /* Supporting Files */,
			);
			path = test;
			sourceTree = "<group>";
		};
		2154E7201A139D4100757CE3 /* Supporting Files */ = {
			isa = PBXGroup;
			children = (
				2154E7211A139D4100757CE3 /* Info.plist */,
				2154E7221A139D4100757CE3 /* main.m */,
			);
			name = "Supporting Files";
			sourceTree = "<group>";
		};
		2154E7391A139D4100757CE3 /* testTests */ = {
			isa = PBXGroup;
			children = (
				2154E73C1A139D4100757CE3 /* testTests.m */,
				2154E73A1A139D4100757CE3 /* Supporting Files */,
			);
			path = testTests;
			sourceTree = "<group>";
		};
		2154E73A1A139D4100757CE3 /* Supporting Files */ = {
			isa = PBXGroup;
			children = (
				2154E73B1A139D4100757CE3 /* Info.plist */,
			);
			name = "Supporting Files";
			sourceTree = "<group>";
		};
/* End PBXGroup section */

/* Begin PBXNativeTarget section */
		2154E71C1A139D4100757CE3 /* test */ = {
			isa = PBXNativeTarget;
			buildConfigurationList = 2154E7401A139D4100757CE3 /* Build configuration list for PBXNativeTarget "test" */;
			buildPhases = (
				2154E7191A139D4100757CE3 /* Sources */,
				2154E71A1A139D4100757CE3 /* Frameworks */,
				2154E71B1A139D4100757CE3 /* Resources */,
			);
			buildRules = (
			);
			dependencies = (
			);
			name = test;
			productName = test;
			productReference = 2154E71D1A139D4100757CE3 /* test.app */;
			productType = "com.apple.product-type.application";
		};
		2154E7351A139D4100757CE3 /* testTests */ = {
			isa = PBXNativeTarget;
			buildConfigurationList = 2154E7431A139D4100757CE3 /* Build configuration list for PBXNativeTarget "testTests" */;
			buildPhases = (
				2154E7321A139D4100757CE3 /* Sources */,
				2154E7331A139D4100757CE3 /* Frameworks */,
				2154E7341A139D4100757CE3 /* Resources */,
			);
			buildRules = (
			);
			dependencies = (
				2154E7381A139D4100757CE3 /* PBXTargetDependency */,
			);
			name = testTests;
			productName = testTests;
			productReference = 2154E7361A139D4100757CE3 /* testTests.xctest */;
			productType = "com.apple.product-type.bundle.unit-test";
		};
/* End PBXNativeTarget section */

/* Begin PBXProject section */
		2154E7151A139D4100757CE3 /* Project object */ = {
			isa = PBXProject;
			attributes = {
				LastUpgradeCheck = 0610;
				ORGANIZATIONNAME = spark;
				TargetAttributes = {
					2154E71C1A139D4100757CE3 = {
						CreatedOnToolsVersion = 6.1;
					};
					2154E7351A139D4100757CE3 = {
						CreatedOnToolsVersion = 6.1;
						TestTargetID = 2154E71C1A139D4100757CE3;
					};
				};
			};
			buildConfigurationList = 2154E7181A139D4100757CE3 /* Build configuration list for PBXProject "test" */;
			compatibilityVersion = "Xcode 3.2";
			developmentRegion = English;
			hasScannedForEncodings = 0;
			knownRegions = (
				en,
				Base,
			);
			mainGroup = 2154E7141A139D4100757CE3;
			productRefGroup = 2154E71E1A139D4100757CE3 /* Products */;
			projectDirPath = "";
			projectRoot = "";
			targets = (
				2154E71C1A139D4100757CE3 /* test */,
				2154E7351A139D4100757CE3 /* testTests */,
			);
		};
/* End PBXProject section */

/* Begin PBXResourcesBuildPhase section */
		2154E71B1A139D4100757CE3 /* Resources */ = {
			isa = PBXResourcesBuildPhase;
			buildActionMask = 2147483647;
			files = (
				2154E72C1A139D4100757CE3 /* Main.storyboard in Resources */,
				2154E7311A139D4100757CE3 /* LaunchScreen.xib in Resources */,
				2154E72E1A139D4100757CE3 /* Images.xcassets in Resources */,
			);
			runOnlyForDeploymentPostprocessing = 0;
		};
		2154E7341A139D4100757CE3 /* Resources */ = {
			isa = PBXResourcesBuildPhase;
			buildActionMask = 2147483647;
			files = (
			);
			runOnlyForDeploymentPostprocessing = 0;
		};
/* End PBXResourcesBuildPhase section */

/* Begin PBXSourcesBuildPhase section */
		2154E7191A139D4100757CE3 /* Sources */ = {
			isa = PBXSourcesBuildPhase;
			buildActionMask = 2147483647;
			files = (
				2154E7291A139D4100757CE3 /* ViewController.m in Sources */,
				2154E7261A139D4100757CE3 /* AppDelegate.m in Sources */,
				2154E7231A139D4100757CE3 /* main.m in Sources */,
			);
			runOnlyForDeploymentPostprocessing = 0;
		};
		2154E7321A139D4100757CE3 /* Sources */ = {
			isa = PBXSourcesBuildPhase;
			buildActionMask = 2147483647;
			files = (
				2154E73D1A139D4100757CE3 /* testTests.m in Sources */,
			);
			runOnlyForDeploymentPostprocessing = 0;
		};
/* End PBXSourcesBuildPhase section */

/* Begin PBXTargetDependency section */
		2154E7381A139D4100757CE3 /* PBXTargetDependency */ = {
			isa = PBXTargetDependency;
			target = 2154E71C1A139D4100757CE3 /* test */;
			targetProxy = 2154E7371A139D4100757CE3 /* PBXContainerItemProxy */;
		};
/* End PBXTargetDependency section */

/* Begin PBXVariantGroup section */
		2154E72A1A139D4100757CE3 /* Main.storyboard */ = {
			isa = PBXVariantGroup;
			children = (
				2154E72B1A139D4100757CE3 /* Base */,
			);
			name = Main.storyboard;
			sourceTree = "<group>";
		};
		2154E72F1A139D4100757CE3 /* LaunchScreen.xib */ = {
			isa = PBXVariantGroup;
			children = (
				2154E7301A139D4100757CE3 /* Base */,
			);
			name = LaunchScreen.xib;
			sourceTree = "<group>";
		};
/* End PBXVariantGroup section */

/* Begin XCBuildConfiguration section */
		2154E73E1A139D4100757CE3 /* Debug */ = {
			isa = XCBuildConfiguration;
			buildSettings = {
				ALWAYS_SEARCH_USER_PATHS = NO;
				CLANG_CXX_LANGUAGE_STANDARD = "gnu++0x";
				CLANG_CXX_LIBRARY = "libc++";
				CLANG_ENABLE_MODULES = YES;
				CLANG_ENABLE_OBJC_ARC = YES;
				CLANG_WARN_BOOL_CONVERSION = YES;
				CLANG_WARN_CONSTANT_CONVERSION = YES;
				CLANG_WARN_DIRECT_OBJC_ISA_USAGE = YES_ERROR;
				CLANG_WARN_EMPTY_BODY = YES;
				CLANG_WARN_ENUM_CONVERSION = YES;
				CLANG_WARN_INT_CONVERSION = YES;
				CLANG_WARN_OBJC_ROOT_CLASS = YES_ERROR;
				CLANG_WARN_UNREACHABLE_CODE = YES;
				CLANG_WARN__DUPLICATE_METHOD_MATCH = YES;
				"CODE_SIGN_IDENTITY[sdk=iphoneos*]" = "iPhone Developer";
				COPY_PHASE_STRIP = NO;
				ENABLE_STRICT_OBJC_MSGSEND = YES;
				GCC_C_LANGUAGE_STANDARD = gnu99;
				GCC_DYNAMIC_NO_PIC = NO;
				GCC_OPTIMIZATION_LEVEL = 0;
				GCC_PREPROCESSOR_DEFINITIONS = (
					"DEBUG=1",
					"$(inherited)",
				);
				GCC_SYMBOLS_PRIVATE_EXTERN = NO;
				GCC_WARN_64_TO_32_BIT_CONVERSION = YES;
				GCC_WARN_ABOUT_RETURN_TYPE = YES_ERROR;
				GCC_WARN_UNDECLARED_SELECTOR = YES;
				GCC_WARN_UNINITIALIZED_AUTOS = YES_AGGRESSIVE;
				GCC_WARN_UNUSED_FUNCTION = YES;
				GCC_WARN_UNUSED_VARIABLE = YES;
				IPHONEOS_DEPLOYMENT_TARGET = 8.1;
				MTL_ENABLE_DEBUG_INFO = YES;
				ONLY_ACTIVE_ARCH = YES;
				SDKROOT = iphoneos;
				TARGETED_DEVICE_FAMILY = 2;
			};
			name = Debug;
		};
		2154E73F1A139D4100757CE3 /* Release */ = {
			isa = XCBuildConfiguration;
			buildSettings = {
				ALWAYS_SEARCH_USER_PATHS = NO;
				CLANG_CXX_LANGUAGE_STANDARD = "gnu++0x";
				CLANG_CXX_LIBRARY = "libc++";
				CLANG_ENABLE_MODULES = YES;
				CLANG_ENABLE_OBJC_ARC = YES;
				CLANG_WARN_BOOL_CONVERSION = YES;
				CLANG_WARN_CONSTANT_CONVERSION = YES;
				CLANG_WARN_DIRECT_OBJC_ISA_USAGE = YES_ERROR;
				CLANG_WARN_EMPTY_BODY = YES;
				CLANG_WARN_ENUM_CONVERSION = YES;
				CLANG_WARN_INT_CONVERSION = YES;
				CLANG_WARN_OBJC_ROOT_CLASS = YES_ERROR;
				CLANG_WARN_UNREACHABLE_CODE = YES;
				CLANG_WARN__DUPLICATE_METHOD_MATCH = YES;
				"CODE_SIGN_IDENTITY[sdk=iphoneos*]" = "iPhone Developer";
				COPY_PHASE_STRIP = YES;
				ENABLE_NS_ASSERTIONS = NO;
				ENABLE_STRICT_OBJC_MSGSEND = YES;
				GCC_C_LANGUAGE_STANDARD = gnu99;
				GCC_WARN_64_TO_32_BIT_CONVERSION = YES;
				GCC_WARN_ABOUT_RETURN_TYPE = YES_ERROR;
				GCC_WARN_UNDECLARED_SELECTOR = YES;
				GCC_WARN_UNINITIALIZED_AUTOS = YES_AGGRESSIVE;
				GCC_WARN_UNUSED_FUNCTION = YES;
				GCC_WARN_UNUSED_VARIABLE = YES;
				IPHONEOS_DEPLOYMENT_TARGET = 8.1;
				MTL_ENABLE_DEBUG_INFO = NO;
				SDKROOT = iphoneos;
				TARGETED_DEVICE_FAMILY = 2;
				VALIDATE_PRODUCT = YES;
			};
			name = Release;
		};
		2154E7411A139D4100757CE3 /* Debug */ = {
			isa = XCBuildConfiguration;
			buildSettings = {
				ASSETCATALOG_COMPILER_APPICON_NAME = AppIcon;
				INFOPLIST_FILE = test/Info.plist;
				LD_RUNPATH_SEARCH_PATHS = "$(inherited) @executable_path/Frameworks";
				PRODUCT_NAME = "$(TARGET_NAME)";
			};
			name = Debug;
		};
		2154E7421A139D4100757CE3 /* Release */ = {
			isa = XCBuildConfiguration;
			buildSettings = {
				ASSETCATALOG_COMPILER_APPICON_NAME = AppIcon;
				INFOPLIST_FILE = test/Info.plist;
				LD_RUNPATH_SEARCH_PATHS = "$(inherited) @executable_path/Frameworks";
				PRODUCT_NAME = "$(TARGET_NAME)";
			};
			name = Release;
		};
		2154E7441A139D4100757CE3 /* Debug */ = {
			isa = XCBuildConfiguration;
			buildSettings = {
				BUNDLE_LOADER = "$(TEST_HOST)";
				FRAMEWORK_SEARCH_PATHS = (
					"$(SDKROOT)/Developer/Library/Frameworks",
					"$(inherited)",
				);
				GCC_PREPROCESSOR_DEFINITIONS = (
					"DEBUG=1",
					"$(inherited)",
				);
				INFOPLIST_FILE = testTests/Info.plist;
				LD_RUNPATH_SEARCH_PATHS = "$(inherited) @executable_path/Frameworks @loader_path/Frameworks";
				PRODUCT_NAME = "$(TARGET_NAME)";
				TEST_HOST = "$(BUILT_PRODUCTS_DIR)/test.app/test";
			};
			name = Debug;
		};
		2154E7451A139D4100757CE3 /* Release */ = {
			isa = XCBuildConfiguration;
			buildSettings = {
				BUNDLE_LOADER = "$(TEST_HOST)";
				FRAMEWORK_SEARCH_PATHS = (
					"$(SDKROOT)/Developer/Library/Frameworks",
					"$(inherited)",
				);
				INFOPLIST_FILE = testTests/Info.plist;
				LD_RUNPATH_SEARCH_PATHS = "$(inherited) @executable_path/Frameworks @loader_path/Frameworks";
				PRODUCT_NAME = "$(TARGET_NAME)";
				TEST_HOST = "$(BUILT_PRODUCTS_DIR)/test.app/test";
			};
			name = Release;
		};
/* End XCBuildConfiguration section */

/* Begin XCConfigurationList section */
		2154E7181A139D4100757CE3 /* Build configuration list for PBXProject "test" */ = {
			isa = XCConfigurationList;
			buildConfigurations = (
				2154E73E1A139D4100757CE3 /* Debug */,
				2154E73F1A139D4100757CE3 /* Release */,
			);
			defaultConfigurationIsVisible = 0;
			defaultConfigurationName = Release;
		};
		2154E7401A139D4100757CE3 /* Build configuration list for PBXNativeTarget "test" */ = {
			isa = XCConfigurationList;
			buildConfigurations = (
				2154E7411A139D4100757CE3 /* Debug */,
				2154E7421A139D4100757CE3 /* Release */,
			);
			defaultConfigurationIsVisible = 0;
		};
		2154E7431A139D4100757CE3 /* Build configuration list for PBXNativeTarget "testTests" */ = {
			isa = XCConfigurationList;
			buildConfigurations = (
				2154E7441A139D4100757CE3 /* Debug */,
				2154E7451A139D4100757CE3 /* Release */,
			);
			defaultConfigurationIsVisible = 0;
		};
/* End XCConfigurationList section */
	};
	rootObject = 2154E7151A139D4100757CE3 /* Project object */;
}
